
Microsoft Visual Studio Solution File, Format Version 12.00
# Visual Studio 15
VisualStudioVersion = 15.0.27130.2024
MinimumVisualStudioVersion = 10.0.40219.1
Project("{FAE04EC0-301F-11D3-BF4B-00C04F79EFBC}") = "random", "random\random.csproj", "{A51DA7FB-3175-4003-8D99-E3CF8E6BF82D}"
EndProject
Global
	GlobalSection(SolutionConfigurationPlatforms) = preSolution
		Debug|Any CPU = Debug|Any CPU
		Release|Any CPU = Release|Any CPU
	EndGlobalSection
	GlobalSection(ProjectConfigurationPlatforms) = postSolution
		{A51DA7FB-3175-4003-8D99-E3CF8E6BF82D}.Debug|Any CPU.ActiveCfg = Debug|Any CPU
		{A51DA7FB-3175-4003-8D99-E3CF8E6BF82D}.Debug|Any CPU.Build.0 = Debug|Any CPU
		{A51DA7FB-3175-4003-8D99-E3CF8E6BF82D}.Release|Any CPU.ActiveCfg = Release|Any CPU
		{A51DA7FB-3175-4003-8D99-E3CF8E6BF82D}.Release|Any CPU.Build.0 = Release|Any CPU
	EndGlobalSection
	GlobalSection(SolutionProperties) = preSolution
		HideSolutionNode = FALSE
	EndGlobalSection
	GlobalSection(ExtensibilityGlobals) = postSolution
		SolutionGuid = {29032E15-6D66-44D6-A724-10D838327DF9}
	EndGlobalSection
EndGlobal
